
Microsoft Visual Studio Solution File, Format Version 12.00
# Visual Studio Version 17
VisualStudioVersion = 17.3.32929.385
MinimumVisualStudioVersion = 10.0.40219.1
Project("{FAE04EC0-301F-11D3-BF4B-00C04F79EFBC}") = "Catalogo.Domain", "Catalogo.Domain\Catalogo.Domain.csproj", "{236C5C4F-3334-420B-BAEB-502B87F13ACC}"
EndProject
Project("{FAE04EC0-301F-11D3-BF4B-00C04F79EFBC}") = "Catalogo.Application", "Catalogo.Application\Catalogo.Application.csproj", "{E7C4EC88-AEC2-4119-920B-D6217B15D063}"
EndProject
Project("{FAE04EC0-301F-11D3-BF4B-00C04F79EFBC}") = "Catalogo.Infrastructure", "Catalogo.Infrastructure\Catalogo.Infrastructure.csproj", "{EC0AE00A-9238-4A02-B4A7-E55377442806}"
EndProject
Project("{FAE04EC0-301F-11D3-BF4B-00C04F79EFBC}") = "Catalogo.CrossCutting", "Catalogo.CrossCutting\Catalogo.CrossCutting.csproj", "{D33B28D3-7C84-4A10-AEDC-BA9C6A82E8F7}"
EndProject
Project("{FAE04EC0-301F-11D3-BF4B-00C04F79EFBC}") = "Catalogo.Api", "Catalogo.Api\Catalogo.Api.csproj", "{CC88AECC-C310-4C10-A9BD-8DCC43C87895}"
EndProject
Global
	GlobalSection(SolutionConfigurationPlatforms) = preSolution
		Debug|Any CPU = Debug|Any CPU
		Release|Any CPU = Release|Any CPU
	EndGlobalSection
	GlobalSection(ProjectConfigurationPlatforms) = postSolution
		{236C5C4F-3334-420B-BAEB-502B87F13ACC}.Debug|Any CPU.ActiveCfg = Debug|Any CPU
		{236C5C4F-3334-420B-BAEB-502B87F13ACC}.Debug|Any CPU.Build.0 = Debug|Any CPU
		{236C5C4F-3334-420B-BAEB-502B87F13ACC}.Release|Any CPU.ActiveCfg = Release|Any CPU
		{236C5C4F-3334-420B-BAEB-502B87F13ACC}.Release|Any CPU.Build.0 = Release|Any CPU
		{E7C4EC88-AEC2-4119-920B-D6217B15D063}.Debug|Any CPU.ActiveCfg = Debug|Any CPU
		{E7C4EC88-AEC2-4119-920B-D6217B15D063}.Debug|Any CPU.Build.0 = Debug|Any CPU
		{E7C4EC88-AEC2-4119-920B-D6217B15D063}.Release|Any CPU.ActiveCfg = Release|Any CPU
		{E7C4EC88-AEC2-4119-920B-D6217B15D063}.Release|Any CPU.Build.0 = Release|Any CPU
		{EC0AE00A-9238-4A02-B4A7-E55377442806}.Debug|Any CPU.ActiveCfg = Debug|Any CPU
		{EC0AE00A-9238-4A02-B4A7-E55377442806}.Debug|Any CPU.Build.0 = Debug|Any CPU
		{EC0AE00A-9238-4A02-B4A7-E55377442806}.Release|Any CPU.ActiveCfg = Release|Any CPU
		{EC0AE00A-9238-4A02-B4A7-E55377442806}.Release|Any CPU.Build.0 = Release|Any CPU
		{D33B28D3-7C84-4A10-AEDC-BA9C6A82E8F7}.Debug|Any CPU.ActiveCfg = Debug|Any CPU
		{D33B28D3-7C84-4A10-AEDC-BA9C6A82E8F7}.Debug|Any CPU.Build.0 = Debug|Any CPU
		{D33B28D3-7C84-4A10-AEDC-BA9C6A82E8F7}.Release|Any CPU.ActiveCfg = Release|Any CPU
		{D33B28D3-7C84-4A10-AEDC-BA9C6A82E8F7}.Release|Any CPU.Build.0 = Release|Any CPU
		{CC88AECC-C310-4C10-A9BD-8DCC43C87895}.Debug|Any CPU.ActiveCfg = Debug|Any CPU
		{CC88AECC-C310-4C10-A9BD-8DCC43C87895}.Debug|Any CPU.Build.0 = Debug|Any CPU
		{CC88AECC-C310-4C10-A9BD-8DCC43C87895}.Release|Any CPU.ActiveCfg = Release|Any CPU
		{CC88AECC-C310-4C10-A9BD-8DCC43C87895}.Release|Any CPU.Build.0 = Release|Any CPU
	EndGlobalSection
	GlobalSection(SolutionProperties) = preSolution
		HideSolutionNode = FALSE
	EndGlobalSection
	GlobalSection(ExtensibilityGlobals) = postSolution
		SolutionGuid = {63DFB6F9-80BC-4749-85A6-1D0BA9DF4610}
	EndGlobalSection
EndGlobal
